
Microsoft Visual Studio Solution File, Format Version 12.00
# Visual Studio Version 16
VisualStudioVersion = 16.0.32413.511
MinimumVisualStudioVersion = 10.0.40219.1
Project("{9A19103F-16F7-4668-BE54-9A1E7A4F7556}") = "LogOku", "LogOku\LogOku.csproj", "{7EAA06FF-BADA-4A83-9097-7AD88928D00F}"
EndProject
Project("{9A19103F-16F7-4668-BE54-9A1E7A4F7556}") = "ReadText", "ReadText\ReadText.csproj", "{353CD734-9ABB-4B00-BB91-0245D99932E9}"
EndProject
Project("{FAE04EC0-301F-11D3-BF4B-00C04F79EFBC}") = "ReadLog_MVC", "ReadLog_MVC\ReadLog_MVC.csproj", "{C7227B3C-4D2B-49AB-A9A3-42A72E582CF9}"
EndProject
Global
	GlobalSection(SolutionConfigurationPlatforms) = preSolution
		Debug|Any CPU = Debug|Any CPU
		Release|Any CPU = Release|Any CPU
	EndGlobalSection
	GlobalSection(ProjectConfigurationPlatforms) = postSolution
		{7EAA06FF-BADA-4A83-9097-7AD88928D00F}.Debug|Any CPU.ActiveCfg = Debug|Any CPU
		{7EAA06FF-BADA-4A83-9097-7AD88928D00F}.Debug|Any CPU.Build.0 = Debug|Any CPU
		{7EAA06FF-BADA-4A83-9097-7AD88928D00F}.Release|Any CPU.ActiveCfg = Release|Any CPU
		{7EAA06FF-BADA-4A83-9097-7AD88928D00F}.Release|Any CPU.Build.0 = Release|Any CPU
		{353CD734-9ABB-4B00-BB91-0245D99932E9}.Debug|Any CPU.ActiveCfg = Debug|Any CPU
		{353CD734-9ABB-4B00-BB91-0245D99932E9}.Debug|Any CPU.Build.0 = Debug|Any CPU
		{353CD734-9ABB-4B00-BB91-0245D99932E9}.Release|Any CPU.ActiveCfg = Release|Any CPU
		{353CD734-9ABB-4B00-BB91-0245D99932E9}.Release|Any CPU.Build.0 = Release|Any CPU
		{C7227B3C-4D2B-49AB-A9A3-42A72E582CF9}.Debug|Any CPU.ActiveCfg = Debug|Any CPU
		{C7227B3C-4D2B-49AB-A9A3-42A72E582CF9}.Debug|Any CPU.Build.0 = Debug|Any CPU
		{C7227B3C-4D2B-49AB-A9A3-42A72E582CF9}.Release|Any CPU.ActiveCfg = Release|Any CPU
		{C7227B3C-4D2B-49AB-A9A3-42A72E582CF9}.Release|Any CPU.Build.0 = Release|Any CPU
	EndGlobalSection
	GlobalSection(SolutionProperties) = preSolution
		HideSolutionNode = FALSE
	EndGlobalSection
	GlobalSection(ExtensibilityGlobals) = postSolution
		SolutionGuid = {886E93ED-5204-465A-8813-3813A6531B2E}
	EndGlobalSection
EndGlobal
